
Microsoft Visual Studio Solution File, Format Version 12.00
# Visual Studio 14
VisualStudioVersion = 14.0.25420.1
MinimumVisualStudioVersion = 10.0.40219.1
Project("{FAE04EC0-301F-11D3-BF4B-00C04F79EFBC}") = "SpaceShip", "SpaceShip\SpaceShip.csproj", "{E307EE61-4E55-4D0B-B96B-A0A7AA1395CB}"
EndProject
Global
	GlobalSection(SolutionConfigurationPlatforms) = preSolution
		Debug|x86 = Debug|x86
		Release|x86 = Release|x86
	EndGlobalSection
	GlobalSection(ProjectConfigurationPlatforms) = postSolution
		{E307EE61-4E55-4D0B-B96B-A0A7AA1395CB}.Debug|x86.ActiveCfg = Debug|x86
		{E307EE61-4E55-4D0B-B96B-A0A7AA1395CB}.Debug|x86.Build.0 = Debug|x86
		{E307EE61-4E55-4D0B-B96B-A0A7AA1395CB}.Release|x86.ActiveCfg = Release|x86
		{E307EE61-4E55-4D0B-B96B-A0A7AA1395CB}.Release|x86.Build.0 = Release|x86
	EndGlobalSection
	GlobalSection(SolutionProperties) = preSolution
		HideSolutionNode = FALSE
	EndGlobalSection
EndGlobal
